
Microsoft Visual Studio Solution File, Format Version 12.00
# Visual Studio 15
VisualStudioVersion = 15.0.28307.572
MinimumVisualStudioVersion = 10.0.40219.1
Project("{FAE04EC0-301F-11D3-BF4B-00C04F79EFBC}") = "src", "src\twofa-proto.csproj", "{368DE88F-A14B-4E74-AFE1-3F01EBCDAB34}"
EndProject
Project("{F2A71F9B-5D33-465A-A702-920D77279786}") = "tests", "tests\tests.fsproj", "{2896656C-154F-45B7-A005-B0C556DF9A6B}"
EndProject
Global
	GlobalSection(SolutionConfigurationPlatforms) = preSolution
		Debug|Any CPU = Debug|Any CPU
		Release|Any CPU = Release|Any CPU
	EndGlobalSection
	GlobalSection(ProjectConfigurationPlatforms) = postSolution
		{368DE88F-A14B-4E74-AFE1-3F01EBCDAB34}.Debug|Any CPU.ActiveCfg = Debug|Any CPU
		{368DE88F-A14B-4E74-AFE1-3F01EBCDAB34}.Debug|Any CPU.Build.0 = Debug|Any CPU
		{368DE88F-A14B-4E74-AFE1-3F01EBCDAB34}.Release|Any CPU.ActiveCfg = Release|Any CPU
		{368DE88F-A14B-4E74-AFE1-3F01EBCDAB34}.Release|Any CPU.Build.0 = Release|Any CPU
		{2896656C-154F-45B7-A005-B0C556DF9A6B}.Debug|Any CPU.ActiveCfg = Debug|Any CPU
		{2896656C-154F-45B7-A005-B0C556DF9A6B}.Debug|Any CPU.Build.0 = Debug|Any CPU
		{2896656C-154F-45B7-A005-B0C556DF9A6B}.Release|Any CPU.ActiveCfg = Release|Any CPU
		{2896656C-154F-45B7-A005-B0C556DF9A6B}.Release|Any CPU.Build.0 = Release|Any CPU
	EndGlobalSection
	GlobalSection(SolutionProperties) = preSolution
		HideSolutionNode = FALSE
	EndGlobalSection
	GlobalSection(ExtensibilityGlobals) = postSolution
		SolutionGuid = {9902248D-965B-4872-A344-891D2EA710FF}
	EndGlobalSection
EndGlobal
